
Microsoft Visual Studio Solution File, Format Version 12.00
# Visual Studio Version 17
VisualStudioVersion = 17.9.34728.123
MinimumVisualStudioVersion = 10.0.40219.1
Project("{9A19103F-16F7-4668-BE54-9A1E7A4F7556}") = "EagleEyeLogger", "EagleEyeLogger.csproj", "{648A5CC0-5230-4E65-91E0-670FF3D55202}"
EndProject
Project("{9A19103F-16F7-4668-BE54-9A1E7A4F7556}") = "TestEagleEyeApp", "..\TestEagleEyeApp\TestEagleEyeApp.csproj", "{B6FDA703-5A6C-4411-9F0B-08A395A615BA}"
EndProject
Global
	GlobalSection(SolutionConfigurationPlatforms) = preSolution
		Debug|Any CPU = Debug|Any CPU
		Release|Any CPU = Release|Any CPU
	EndGlobalSection
	GlobalSection(ProjectConfigurationPlatforms) = postSolution
		{648A5CC0-5230-4E65-91E0-670FF3D55202}.Debug|Any CPU.ActiveCfg = Debug|Any CPU
		{648A5CC0-5230-4E65-91E0-670FF3D55202}.Debug|Any CPU.Build.0 = Debug|Any CPU
		{648A5CC0-5230-4E65-91E0-670FF3D55202}.Release|Any CPU.ActiveCfg = Release|Any CPU
		{648A5CC0-5230-4E65-91E0-670FF3D55202}.Release|Any CPU.Build.0 = Release|Any CPU
		{B6FDA703-5A6C-4411-9F0B-08A395A615BA}.Debug|Any CPU.ActiveCfg = Debug|Any CPU
		{B6FDA703-5A6C-4411-9F0B-08A395A615BA}.Debug|Any CPU.Build.0 = Debug|Any CPU
		{B6FDA703-5A6C-4411-9F0B-08A395A615BA}.Release|Any CPU.ActiveCfg = Release|Any CPU
		{B6FDA703-5A6C-4411-9F0B-08A395A615BA}.Release|Any CPU.Build.0 = Release|Any CPU
	EndGlobalSection
	GlobalSection(SolutionProperties) = preSolution
		HideSolutionNode = FALSE
	EndGlobalSection
	GlobalSection(ExtensibilityGlobals) = postSolution
		SolutionGuid = {318B663A-CBD0-4F3F-A151-9C78BECB41AF}
	EndGlobalSection
EndGlobal
